// !$*UTF8*$!
{
	archiveVersion = 1;
	classes = {
	};
	objectVersion = 77;
	objects = {

/* Begin PBXContainerItemProxy section */
		189C0C7C2CD38AC0004C91A7 /* PBXContainerItemProxy */ = {
			isa = PBXContainerItemProxy;
			containerPortal = 189C0C612CD38ABF004C91A7 /* Project object */;
			proxyType = 1;
			remoteGlobalIDString = 189C0C682CD38ABF004C91A7;
			remoteInfo = BarberShop;
		};
		189C0C862CD38AC0004C91A7 /* PBXContainerItemProxy */ = {
			isa = PBXContainerItemProxy;
			containerPortal = 189C0C612CD38ABF004C91A7 /* Project object */;
			proxyType = 1;
			remoteGlobalIDString = 189C0C682CD38ABF004C91A7;
			remoteInfo = BarberShop;
		};
/* End PBXContainerItemProxy section */

/* Begin PBXFileReference section */
		189C0C692CD38ABF004C91A7 /* BarberShop.app */ = {isa = PBXFileReference; explicitFileType = wrapper.application; includeInIndex = 0; path = BarberShop.app; sourceTree = BUILT_PRODUCTS_DIR; };
		189C0C7B2CD38AC0004C91A7 /* BarberShopTests.xctest */ = {isa = PBXFileReference; explicitFileType = wrapper.cfbundle; includeInIndex = 0; path = BarberShopTests.xctest; sourceTree = BUILT_PRODUCTS_DIR; };
		189C0C852CD38AC0004C91A7 /* BarberShopUITests.xctest */ = {isa = PBXFileReference; explicitFileType = wrapper.cfbundle; includeInIndex = 0; path = BarberShopUITests.xctest; sourceTree = BUILT_PRODUCTS_DIR; };
/* End PBXFileReference section */

/* Begin PBXFileSystemSynchronizedRootGroup section */
		189C0C6B2CD38ABF004C91A7 /* BarberShop */ = {
			isa = PBXFileSystemSynchronizedRootGroup;
			path = BarberShop;
			sourceTree = "<group>";
		};
		189C0C7E2CD38AC0004C91A7 /* BarberShopTests */ = {
			isa = PBXFileSystemSynchronizedRootGroup;
			path = BarberShopTests;
			sourceTree = "<group>";
		};
		189C0C882CD38AC0004C91A7 /* BarberShopUITests */ = {
			isa = PBXFileSystemSynchronizedRootGroup;
			path = BarberShopUITests;
			sourceTree = "<group>";
		};
/* End PBXFileSystemSynchronizedRootGroup section */

/* Begin PBXFrameworksBuildPhase section */
		189C0C662CD38ABF004C91A7 /* Frameworks */ = {
			isa = PBXFrameworksBuildPhase;
			buildActionMask = 2147483647;
			files = (
			);
			runOnlyForDeploymentPostprocessing = 0;
		};
		189C0C782CD38AC0004C91A7 /* Frameworks */ = {
			isa = PBXFrameworksBuildPhase;
			buildActionMask = 2147483647;
			files = (
			);
			runOnlyForDeploymentPostprocessing = 0;
		};
		189C0C822CD38AC0004C91A7 /* Frameworks */ = {
			isa = PBXFrameworksBuildPhase;
			buildActionMask = 2147483647;
			files = (
			);
			runOnlyForDeploymentPostprocessing = 0;
		};
/* End PBXFrameworksBuildPhase section */

/* Begin PBXGroup section */
		189C0C602CD38ABF004C91A7 = {
			isa = PBXGroup;
			children = (
				189C0C6B2CD38ABF004C91A7 /* BarberShop */,
				189C0C7E2CD38AC0004C91A7 /* BarberShopTests */,
				189C0C882CD38AC0004C91A7 /* BarberShopUITests */,
				189C0C6A2CD38ABF004C91A7 /* Products */,
			);
			sourceTree = "<group>";
		};
		189C0C6A2CD38ABF004C91A7 /* Products */ = {
			isa = PBXGroup;
			children = (
				189C0C692CD38ABF004C91A7 /* BarberShop.app */,
				189C0C7B2CD38AC0004C91A7 /* BarberShopTests.xctest */,
				189C0C852CD38AC0004C91A7 /* BarberShopUITests.xctest */,
			);
			name = Products;
			sourceTree = "<group>";
		};
/* End PBXGroup section */

/* Begin PBXNativeTarget section */
		189C0C682CD38ABF004C91A7 /* BarberShop */ = {
			isa = PBXNativeTarget;
			buildConfigurationList = 189C0C8F2CD38AC0004C91A7 /* Build configuration list for PBXNativeTarget "BarberShop" */;
			buildPhases = (
				189C0C652CD38ABF004C91A7 /* Sources */,
				189C0C662CD38ABF004C91A7 /* Frameworks */,
				189C0C672CD38ABF004C91A7 /* Resources */,
			);
			buildRules = (
			);
			dependencies = (
			);
			fileSystemSynchronizedGroups = (
				189C0C6B2CD38ABF004C91A7 /* BarberShop */,
			);
			name = BarberShop;
			packageProductDependencies = (
			);
			productName = BarberShop;
			productReference = 189C0C692CD38ABF004C91A7 /* BarberShop.app */;
			productType = "com.apple.product-type.application";
		};
		189C0C7A2CD38AC0004C91A7 /* BarberShopTests */ = {
			isa = PBXNativeTarget;
			buildConfigurationList = 189C0C922CD38AC0004C91A7 /* Build configuration list for PBXNativeTarget "BarberShopTests" */;
			buildPhases = (
				189C0C772CD38AC0004C91A7 /* Sources */,
				189C0C782CD38AC0004C91A7 /* Frameworks */,
				189C0C792CD38AC0004C91A7 /* Resources */,
			);
			buildRules = (
			);
			dependencies = (
				189C0C7D2CD38AC0004C91A7 /* PBXTargetDependency */,
			);
			fileSystemSynchronizedGroups = (
				189C0C7E2CD38AC0004C91A7 /* BarberShopTests */,
			);
			name = BarberShopTests;
			packageProductDependencies = (
			);
			productName = BarberShopTests;
			productReference = 189C0C7B2CD38AC0004C91A7 /* BarberShopTests.xctest */;
			productType = "com.apple.product-type.bundle.unit-test";
		};
		189C0C842CD38AC0004C91A7 /* BarberShopUITests */ = {
			isa = PBXNativeTarget;
			buildConfigurationList = 189C0C952CD38AC0004C91A7 /* Build configuration list for PBXNativeTarget "BarberShopUITests" */;
			buildPhases = (
				189C0C812CD38AC0004C91A7 /* Sources */,
				189C0C822CD38AC0004C91A7 /* Frameworks */,
				189C0C832CD38AC0004C91A7 /* Resources */,
			);
			buildRules = (
			);
			dependencies = (
				189C0C872CD38AC0004C91A7 /* PBXTargetDependency */,
			);
			fileSystemSynchronizedGroups = (
				189C0C882CD38AC0004C91A7 /* BarberShopUITests */,
			);
			name = BarberShopUITests;
			packageProductDependencies = (
			);
			productName = BarberShopUITests;
			productReference = 189C0C852CD38AC0004C91A7 /* BarberShopUITests.xctest */;
			productType = "com.apple.product-type.bundle.ui-testing";
		};
/* End PBXNativeTarget section */

/* Begin PBXProject section */
		189C0C612CD38ABF004C91A7 /* Project object */ = {
			isa = PBXProject;
			attributes = {
				BuildIndependentTargetsInParallel = 1;
				LastSwiftUpdateCheck = 1600;
				LastUpgradeCheck = 1600;
				TargetAttributes = {
					189C0C682CD38ABF004C91A7 = {
						CreatedOnToolsVersion = 16.0;
					};
					189C0C7A2CD38AC0004C91A7 = {
						CreatedOnToolsVersion = 16.0;
						TestTargetID = 189C0C682CD38ABF004C91A7;
					};
					189C0C842CD38AC0004C91A7 = {
						CreatedOnToolsVersion = 16.0;
						TestTargetID = 189C0C682CD38ABF004C91A7;
					};
				};
			};
			buildConfigurationList = 189C0C642CD38ABF004C91A7 /* Build configuration list for PBXProject "BarberShop" */;
			developmentRegion = en;
			hasScannedForEncodings = 0;
			knownRegions = (
				en,
				Base,
			);
			mainGroup = 189C0C602CD38ABF004C91A7;
			minimizedProjectReferenceProxies = 1;
			preferredProjectObjectVersion = 77;
			productRefGroup = 189C0C6A2CD38ABF004C91A7 /* Products */;
			projectDirPath = "";
			projectRoot = "";
			targets = (
				189C0C682CD38ABF004C91A7 /* BarberShop */,
				189C0C7A2CD38AC0004C91A7 /* BarberShopTests */,
				189C0C842CD38AC0004C91A7 /* BarberShopUITests */,
			);
		};
/* End PBXProject section */

/* Begin PBXResourcesBuildPhase section */
		189C0C672CD38ABF004C91A7 /* Resources */ = {
			isa = PBXResourcesBuildPhase;
			buildActionMask = 2147483647;
			files = (
			);
			runOnlyForDeploymentPostprocessing = 0;
		};
		189C0C792CD38AC0004C91A7 /* Resources */ = {
			isa = PBXResourcesBuildPhase;
			buildActionMask = 2147483647;
			files = (
			);
			runOnlyForDeploymentPostprocessing = 0;
		};
		189C0C832CD38AC0004C91A7 /* Resources */ = {
			isa = PBXResourcesBuildPhase;
			buildActionMask = 2147483647;
			files = (
			);
			runOnlyForDeploymentPostprocessing = 0;
		};
/* End PBXResourcesBuildPhase section */

/* Begin PBXSourcesBuildPhase section */
		189C0C652CD38ABF004C91A7 /* Sources */ = {
			isa = PBXSourcesBuildPhase;
			buildActionMask = 2147483647;
			files = (
			);
			runOnlyForDeploymentPostprocessing = 0;
		};
		189C0C772CD38AC0004C91A7 /* Sources */ = {
			isa = PBXSourcesBuildPhase;
			buildActionMask = 2147483647;
			files = (
			);
			runOnlyForDeploymentPostprocessing = 0;
		};
		189C0C812CD38AC0004C91A7 /* Sources */ = {
			isa = PBXSourcesBuildPhase;
			buildActionMask = 2147483647;
			files = (
			);
			runOnlyForDeploymentPostprocessing = 0;
		};
/* End PBXSourcesBuildPhase section */

/* Begin PBXTargetDependency section */
		189C0C7D2CD38AC0004C91A7 /* PBXTargetDependency */ = {
			isa = PBXTargetDependency;
			target = 189C0C682CD38ABF004C91A7 /* BarberShop */;
			targetProxy = 189C0C7C2CD38AC0004C91A7 /* PBXContainerItemProxy */;
		};
		189C0C872CD38AC0004C91A7 /* PBXTargetDependency */ = {
			isa = PBXTargetDependency;
			target = 189C0C682CD38ABF004C91A7 /* BarberShop */;
			targetProxy = 189C0C862CD38AC0004C91A7 /* PBXContainerItemProxy */;
		};
/* End PBXTargetDependency section */

/* Begin XCBuildConfiguration section */
		189C0C8D2CD38AC0004C91A7 /* Debug */ = {
			isa = XCBuildConfiguration;
			buildSettings = {
				ALWAYS_SEARCH_USER_PATHS = NO;
				ASSETCATALOG_COMPILER_GENERATE_SWIFT_ASSET_SYMBOL_EXTENSIONS = YES;
				CLANG_ANALYZER_NONNULL = YES;
				CLANG_ANALYZER_NUMBER_OBJECT_CONVERSION = YES_AGGRESSIVE;
				CLANG_CXX_LANGUAGE_STANDARD = "gnu++20";
				CLANG_ENABLE_MODULES = YES;
				CLANG_ENABLE_OBJC_ARC = YES;
				CLANG_ENABLE_OBJC_WEAK = YES;
				CLANG_WARN_BLOCK_CAPTURE_AUTORELEASING = YES;
				CLANG_WARN_BOOL_CONVERSION = YES;
				CLANG_WARN_COMMA = YES;
				CLANG_WARN_CONSTANT_CONVERSION = YES;
				CLANG_WARN_DEPRECATED_OBJC_IMPLEMENTATIONS = YES;
				CLANG_WARN_DIRECT_OBJC_ISA_USAGE = YES_ERROR;
				CLANG_WARN_DOCUMENTATION_COMMENTS = YES;
				CLANG_WARN_EMPTY_BODY = YES;
				CLANG_WARN_ENUM_CONVERSION = YES;
				CLANG_WARN_INFINITE_RECURSION = YES;
				CLANG_WARN_INT_CONVERSION = YES;
				CLANG_WARN_NON_LITERAL_NULL_CONVERSION = YES;
				CLANG_WARN_OBJC_IMPLICIT_RETAIN_SELF = YES;
				CLANG_WARN_OBJC_LITERAL_CONVERSION = YES;
				CLANG_WARN_OBJC_ROOT_CLASS = YES_ERROR;
				CLANG_WARN_QUOTED_INCLUDE_IN_FRAMEWORK_HEADER = YES;
				CLANG_WARN_RANGE_LOOP_ANALYSIS = YES;
				CLANG_WARN_STRICT_PROTOTYPES = YES;
				CLANG_WARN_SUSPICIOUS_MOVE = YES;
				CLANG_WARN_UNGUARDED_AVAILABILITY = YES_AGGRESSIVE;
				CLANG_WARN_UNREACHABLE_CODE = YES;
				CLANG_WARN__DUPLICATE_METHOD_MATCH = YES;
				COPY_PHASE_STRIP = NO;
				DEBUG_INFORMATION_FORMAT = dwarf;
				ENABLE_STRICT_OBJC_MSGSEND = YES;
				ENABLE_TESTABILITY = YES;
				ENABLE_USER_SCRIPT_SANDBOXING = YES;
				GCC_C_LANGUAGE_STANDARD = gnu17;
				GCC_DYNAMIC_NO_PIC = NO;
				GCC_NO_COMMON_BLOCKS = YES;
				GCC_OPTIMIZATION_LEVEL = 0;
				GCC_PREPROCESSOR_DEFINITIONS = (
					"DEBUG=1",
					"$(inherited)",
				);
				GCC_WARN_64_TO_32_BIT_CONVERSION = YES;
				GCC_WARN_ABOUT_RETURN_TYPE = YES_ERROR;
				GCC_WARN_UNDECLARED_SELECTOR = YES;
				GCC_WARN_UNINITIALIZED_AUTOS = YES_AGGRESSIVE;
				GCC_WARN_UNUSED_FUNCTION = YES;
				GCC_WARN_UNUSED_VARIABLE = YES;
				IPHONEOS_DEPLOYMENT_TARGET = 18.0;
				LOCALIZATION_PREFERS_STRING_CATALOGS = YES;
				MTL_ENABLE_DEBUG_INFO = INCLUDE_SOURCE;
				MTL_FAST_MATH = YES;
				ONLY_ACTIVE_ARCH = YES;
				SDKROOT = iphoneos;
				SWIFT_ACTIVE_COMPILATION_CONDITIONS = "DEBUG $(inherited)";
				SWIFT_OPTIMIZATION_LEVEL = "-Onone";
			};
			name = Debug;
		};
		189C0C8E2CD38AC0004C91A7 /* Release */ = {
			isa = XCBuildConfiguration;
			buildSettings = {
				ALWAYS_SEARCH_USER_PATHS = NO;
				ASSETCATALOG_COMPILER_GENERATE_SWIFT_ASSET_SYMBOL_EXTENSIONS = YES;
				CLANG_ANALYZER_NONNULL = YES;
				CLANG_ANALYZER_NUMBER_OBJECT_CONVERSION = YES_AGGRESSIVE;
				CLANG_CXX_LANGUAGE_STANDARD = "gnu++20";
				CLANG_ENABLE_MODULES = YES;
				CLANG_ENABLE_OBJC_ARC = YES;
				CLANG_ENABLE_OBJC_WEAK = YES;
				CLANG_WARN_BLOCK_CAPTURE_AUTORELEASING = YES;
				CLANG_WARN_BOOL_CONVERSION = YES;
				CLANG_WARN_COMMA = YES;
				CLANG_WARN_CONSTANT_CONVERSION = YES;
				CLANG_WARN_DEPRECATED_OBJC_IMPLEMENTATIONS = YES;
				CLANG_WARN_DIRECT_OBJC_ISA_USAGE = YES_ERROR;
				CLANG_WARN_DOCUMENTATION_COMMENTS = YES;
				CLANG_WARN_EMPTY_BODY = YES;
				CLANG_WARN_ENUM_CONVERSION = YES;
				CLANG_WARN_INFINITE_RECURSION = YES;
				CLANG_WARN_INT_CONVERSION = YES;
				CLANG_WARN_NON_LITERAL_NULL_CONVERSION = YES;
				CLANG_WARN_OBJC_IMPLICIT_RETAIN_SELF = YES;
				CLANG_WARN_OBJC_LITERAL_CONVERSION = YES;
				CLANG_WARN_OBJC_ROOT_CLASS = YES_ERROR;
				CLANG_WARN_QUOTED_INCLUDE_IN_FRAMEWORK_HEADER = YES;
				CLANG_WARN_RANGE_LOOP_ANALYSIS = YES;
				CLANG_WARN_STRICT_PROTOTYPES = YES;
				CLANG_WARN_SUSPICIOUS_MOVE = YES;
				CLANG_WARN_UNGUARDED_AVAILABILITY = YES_AGGRESSIVE;
				CLANG_WARN_UNREACHABLE_CODE = YES;
				CLANG_WARN__DUPLICATE_METHOD_MATCH = YES;
				COPY_PHASE_STRIP = NO;
				DEBUG_INFORMATION_FORMAT = "dwarf-with-dsym";
				ENABLE_NS_ASSERTIONS = NO;
				ENABLE_STRICT_OBJC_MSGSEND = YES;
				ENABLE_USER_SCRIPT_SANDBOXING = YES;
				GCC_C_LANGUAGE_STANDARD = gnu17;
				GCC_NO_COMMON_BLOCKS = YES;
				GCC_WARN_64_TO_32_BIT_CONVERSION = YES;
				GCC_WARN_ABOUT_RETURN_TYPE = YES_ERROR;
				GCC_WARN_UNDECLARED_SELECTOR = YES;
				GCC_WARN_UNINITIALIZED_AUTOS = YES_AGGRESSIVE;
				GCC_WARN_UNUSED_FUNCTION = YES;
				GCC_WARN_UNUSED_VARIABLE = YES;
				IPHONEOS_DEPLOYMENT_TARGET = 18.0;
				LOCALIZATION_PREFERS_STRING_CATALOGS = YES;
				MTL_ENABLE_DEBUG_INFO = NO;
				MTL_FAST_MATH = YES;
				SDKROOT = iphoneos;
				SWIFT_COMPILATION_MODE = wholemodule;
				VALIDATE_PRODUCT = YES;
			};
			name = Release;
		};
		189C0C902CD38AC0004C91A7 /* Debug */ = {
			isa = XCBuildConfiguration;
			buildSettings = {
				ASSETCATALOG_COMPILER_APPICON_NAME = AppIcon;
				ASSETCATALOG_COMPILER_GLOBAL_ACCENT_COLOR_NAME = AccentColor;
				CODE_SIGN_STYLE = Automatic;
				CURRENT_PROJECT_VERSION = 1;
				DEVELOPMENT_ASSET_PATHS = "\"BarberShop/Preview Content\"";
				DEVELOPMENT_TEAM = M8KA2CY3SZ;
				ENABLE_PREVIEWS = YES;
				GENERATE_INFOPLIST_FILE = YES;
				INFOPLIST_KEY_UIApplicationSceneManifest_Generation = YES;
				INFOPLIST_KEY_UIApplicationSupportsIndirectInputEvents = YES;
				INFOPLIST_KEY_UILaunchScreen_Generation = YES;
				INFOPLIST_KEY_UISupportedInterfaceOrientations_iPad = "UIInterfaceOrientationPortrait UIInterfaceOrientationPortraitUpsideDown UIInterfaceOrientationLandscapeLeft UIInterfaceOrientationLandscapeRight";
				INFOPLIST_KEY_UISupportedInterfaceOrientations_iPhone = "UIInterfaceOrientationPortrait UIInterfaceOrientationLandscapeLeft UIInterfaceOrientationLandscapeRight";
				LD_RUNPATH_SEARCH_PATHS = (
					"$(inherited)",
					"@executable_path/Frameworks",
				);
				MARKETING_VERSION = 1.0;
				PRODUCT_BUNDLE_IDENTIFIER = ASYNCDATA.BarberShop;
				PRODUCT_NAME = "$(TARGET_NAME)";
				SWIFT_EMIT_LOC_STRINGS = YES;
				SWIFT_VERSION = 5.0;
				TARGETED_DEVICE_FAMILY = "1,2";
			};
			name = Debug;
		};
		189C0C912CD38AC0004C91A7 /* Release */ = {
			isa = XCBuildConfiguration;
			buildSettings = {
				ASSETCATALOG_COMPILER_APPICON_NAME = AppIcon;
				ASSETCATALOG_COMPILER_GLOBAL_ACCENT_COLOR_NAME = AccentColor;
				CODE_SIGN_STYLE = Automatic;
				CURRENT_PROJECT_VERSION = 1;
				DEVELOPMENT_ASSET_PATHS = "\"BarberShop/Preview Content\"";
				DEVELOPMENT_TEAM = M8KA2CY3SZ;
				ENABLE_PREVIEWS = YES;
				GENERATE_INFOPLIST_FILE = YES;
				INFOPLIST_KEY_UIApplicationSceneManifest_Generation = YES;
				INFOPLIST_KEY_UIApplicationSupportsIndirectInputEvents = YES;
				INFOPLIST_KEY_UILaunchScreen_Generation = YES;
				INFOPLIST_KEY_UISupportedInterfaceOrientations_iPad = "UIInterfaceOrientationPortrait UIInterfaceOrientationPortraitUpsideDown UIInterfaceOrientationLandscapeLeft UIInterfaceOrientationLandscapeRight";
				INFOPLIST_KEY_UISupportedInterfaceOrientations_iPhone = "UIInterfaceOrientationPortrait UIInterfaceOrientationLandscapeLeft UIInterfaceOrientationLandscapeRight";
				LD_RUNPATH_SEARCH_PATHS = (
					"$(inherited)",
					"@executable_path/Frameworks",
				);
				MARKETING_VERSION = 1.0;
				PRODUCT_BUNDLE_IDENTIFIER = ASYNCDATA.BarberShop;
				PRODUCT_NAME = "$(TARGET_NAME)";
				SWIFT_EMIT_LOC_STRINGS = YES;
				SWIFT_VERSION = 5.0;
				TARGETED_DEVICE_FAMILY = "1,2";
			};
			name = Release;
		};
		189C0C932CD38AC0004C91A7 /* Debug */ = {
			isa = XCBuildConfiguration;
			buildSettings = {
				BUNDLE_LOADER = "$(TEST_HOST)";
				CODE_SIGN_STYLE = Automatic;
				CURRENT_PROJECT_VERSION = 1;
				DEVELOPMENT_TEAM = M8KA2CY3SZ;
				GENERATE_INFOPLIST_FILE = YES;
				IPHONEOS_DEPLOYMENT_TARGET = 18.0;
				MARKETING_VERSION = 1.0;
				PRODUCT_BUNDLE_IDENTIFIER = ASYNCDATA.BarberShopTests;
				PRODUCT_NAME = "$(TARGET_NAME)";
				SWIFT_EMIT_LOC_STRINGS = NO;
				SWIFT_VERSION = 5.0;
				TARGETED_DEVICE_FAMILY = "1,2";
				TEST_HOST = "$(BUILT_PRODUCTS_DIR)/BarberShop.app/$(BUNDLE_EXECUTABLE_FOLDER_PATH)/BarberShop";
			};
			name = Debug;
		};
		189C0C942CD38AC0004C91A7 /* Release */ = {
			isa = XCBuildConfiguration;
			buildSettings = {
				BUNDLE_LOADER = "$(TEST_HOST)";
				CODE_SIGN_STYLE = Automatic;
				CURRENT_PROJECT_VERSION = 1;
				DEVELOPMENT_TEAM = M8KA2CY3SZ;
				GENERATE_INFOPLIST_FILE = YES;
				IPHONEOS_DEPLOYMENT_TARGET = 18.0;
				MARKETING_VERSION = 1.0;
				PRODUCT_BUNDLE_IDENTIFIER = ASYNCDATA.BarberShopTests;
				PRODUCT_NAME = "$(TARGET_NAME)";
				SWIFT_EMIT_LOC_STRINGS = NO;
				SWIFT_VERSION = 5.0;
				TARGETED_DEVICE_FAMILY = "1,2";
				TEST_HOST = "$(BUILT_PRODUCTS_DIR)/BarberShop.app/$(BUNDLE_EXECUTABLE_FOLDER_PATH)/BarberShop";
			};
			name = Release;
		};
		189C0C962CD38AC0004C91A7 /* Debug */ = {
			isa = XCBuildConfiguration;
			buildSettings = {
				CODE_SIGN_STYLE = Automatic;
				CURRENT_PROJECT_VERSION = 1;
				DEVELOPMENT_TEAM = M8KA2CY3SZ;
				GENERATE_INFOPLIST_FILE = YES;
				MARKETING_VERSION = 1.0;
				PRODUCT_BUNDLE_IDENTIFIER = ASYNCDATA.BarberShopUITests;
				PRODUCT_NAME = "$(TARGET_NAME)";
				SWIFT_EMIT_LOC_STRINGS = NO;
				SWIFT_VERSION = 5.0;
				TARGETED_DEVICE_FAMILY = "1,2";
				TEST_TARGET_NAME = BarberShop;
			};
			name = Debug;
		};
		189C0C972CD38AC0004C91A7 /* Release */ = {
			isa = XCBuildConfiguration;
			buildSettings = {
				CODE_SIGN_STYLE = Automatic;
				CURRENT_PROJECT_VERSION = 1;
				DEVELOPMENT_TEAM = M8KA2CY3SZ;
				GENERATE_INFOPLIST_FILE = YES;
				MARKETING_VERSION = 1.0;
				PRODUCT_BUNDLE_IDENTIFIER = ASYNCDATA.BarberShopUITests;
				PRODUCT_NAME = "$(TARGET_NAME)";
				SWIFT_EMIT_LOC_STRINGS = NO;
				SWIFT_VERSION = 5.0;
				TARGETED_DEVICE_FAMILY = "1,2";
				TEST_TARGET_NAME = BarberShop;
			};
			name = Release;
		};
/* End XCBuildConfiguration section */

/* Begin XCConfigurationList section */
		189C0C642CD38ABF004C91A7 /* Build configuration list for PBXProject "BarberShop" */ = {
			isa = XCConfigurationList;
			buildConfigurations = (
				189C0C8D2CD38AC0004C91A7 /* Debug */,
				189C0C8E2CD38AC0004C91A7 /* Release */,
			);
			defaultConfigurationIsVisible = 0;
			defaultConfigurationName = Release;
		};
		189C0C8F2CD38AC0004C91A7 /* Build configuration list for PBXNativeTarget "BarberShop" */ = {
			isa = XCConfigurationList;
			buildConfigurations = (
				189C0C902CD38AC0004C91A7 /* Debug */,
				189C0C912CD38AC0004C91A7 /* Release */,
			);
			defaultConfigurationIsVisible = 0;
			defaultConfigurationName = Release;
		};
		189C0C922CD38AC0004C91A7 /* Build configuration list for PBXNativeTarget "BarberShopTests" */ = {
			isa = XCConfigurationList;
			buildConfigurations = (
				189C0C932CD38AC0004C91A7 /* Debug */,
				189C0C942CD38AC0004C91A7 /* Release */,
			);
			defaultConfigurationIsVisible = 0;
			defaultConfigurationName = Release;
		};
		189C0C952CD38AC0004C91A7 /* Build configuration list for PBXNativeTarget "BarberShopUITests" */ = {
			isa = XCConfigurationList;
			buildConfigurations = (
				189C0C962CD38AC0004C91A7 /* Debug */,
				189C0C972CD38AC0004C91A7 /* Release */,
			);
			defaultConfigurationIsVisible = 0;
			defaultConfigurationName = Release;
		};
/* End XCConfigurationList section */
	};
	rootObject = 189C0C612CD38ABF004C91A7 /* Project object */;
}
